
Microsoft Visual Studio Solution File, Format Version 12.00
# Visual Studio Version 16
VisualStudioVersion = 16.0.30204.135
MinimumVisualStudioVersion = 10.0.40219.1
Project("{FAE04EC0-301F-11D3-BF4B-00C04F79EFBC}") = "MailClient", "MailClient\MailClient.csproj", "{FFAF24A4-5235-4074-842A-8C4453972ABE}"
EndProject
Global
	GlobalSection(SolutionConfigurationPlatforms) = preSolution
		Debug|Any CPU = Debug|Any CPU
		Release|Any CPU = Release|Any CPU
	EndGlobalSection
	GlobalSection(ProjectConfigurationPlatforms) = postSolution
		{FFAF24A4-5235-4074-842A-8C4453972ABE}.Debug|Any CPU.ActiveCfg = Debug|Any CPU
		{FFAF24A4-5235-4074-842A-8C4453972ABE}.Debug|Any CPU.Build.0 = Debug|Any CPU
		{FFAF24A4-5235-4074-842A-8C4453972ABE}.Release|Any CPU.ActiveCfg = Release|Any CPU
		{FFAF24A4-5235-4074-842A-8C4453972ABE}.Release|Any CPU.Build.0 = Release|Any CPU
	EndGlobalSection
	GlobalSection(SolutionProperties) = preSolution
		HideSolutionNode = FALSE
	EndGlobalSection
	GlobalSection(ExtensibilityGlobals) = postSolution
		SolutionGuid = {06719CAD-DC67-49F3-B0AA-56867FDCEEE6}
	EndGlobalSection
EndGlobal
